
Microsoft Visual Studio Solution File, Format Version 12.00
# Visual Studio Version 16
VisualStudioVersion = 16.0.30907.101
MinimumVisualStudioVersion = 10.0.40219.1
Project("{9A19103F-16F7-4668-BE54-9A1E7A4F7556}") = "Mstore-core-lib", "Mstore-core-lib\Mstore-core-lib.csproj", "{4F230E9E-0FA6-4BE4-88DA-AEB68C69BF83}"
EndProject
Project("{9A19103F-16F7-4668-BE54-9A1E7A4F7556}") = "Mstore-GUI", "Mstore-GUI\Mstore-GUI.csproj", "{C4070DCD-DA12-4B5C-A9E6-6A17018AE73B}"
EndProject
Project("{9A19103F-16F7-4668-BE54-9A1E7A4F7556}") = "Mstore GUI WPF", "WpfApp1\Mstore GUI WPF.csproj", "{8B1F708A-C855-40CB-8CDF-C3EC805DBF42}"
	ProjectSection(ProjectDependencies) = postProject
		{4F230E9E-0FA6-4BE4-88DA-AEB68C69BF83} = {4F230E9E-0FA6-4BE4-88DA-AEB68C69BF83}
	EndProjectSection
EndProject
Global
	GlobalSection(SolutionConfigurationPlatforms) = preSolution
		Debug|Any CPU = Debug|Any CPU
		Debug|x86 = Debug|x86
		Release|Any CPU = Release|Any CPU
		Release|x86 = Release|x86
	EndGlobalSection
	GlobalSection(ProjectConfigurationPlatforms) = postSolution
		{4F230E9E-0FA6-4BE4-88DA-AEB68C69BF83}.Debug|Any CPU.ActiveCfg = Debug|Any CPU
		{4F230E9E-0FA6-4BE4-88DA-AEB68C69BF83}.Debug|Any CPU.Build.0 = Debug|Any CPU
		{4F230E9E-0FA6-4BE4-88DA-AEB68C69BF83}.Debug|x86.ActiveCfg = Debug|Any CPU
		{4F230E9E-0FA6-4BE4-88DA-AEB68C69BF83}.Debug|x86.Build.0 = Debug|Any CPU
		{4F230E9E-0FA6-4BE4-88DA-AEB68C69BF83}.Release|Any CPU.ActiveCfg = Release|Any CPU
		{4F230E9E-0FA6-4BE4-88DA-AEB68C69BF83}.Release|Any CPU.Build.0 = Release|Any CPU
		{4F230E9E-0FA6-4BE4-88DA-AEB68C69BF83}.Release|x86.ActiveCfg = Release|Any CPU
		{4F230E9E-0FA6-4BE4-88DA-AEB68C69BF83}.Release|x86.Build.0 = Release|Any CPU
		{C4070DCD-DA12-4B5C-A9E6-6A17018AE73B}.Debug|Any CPU.ActiveCfg = Release|Any CPU
		{C4070DCD-DA12-4B5C-A9E6-6A17018AE73B}.Debug|Any CPU.Build.0 = Release|Any CPU
		{C4070DCD-DA12-4B5C-A9E6-6A17018AE73B}.Debug|x86.ActiveCfg = Debug|Any CPU
		{C4070DCD-DA12-4B5C-A9E6-6A17018AE73B}.Debug|x86.Build.0 = Debug|Any CPU
		{C4070DCD-DA12-4B5C-A9E6-6A17018AE73B}.Release|Any CPU.ActiveCfg = Release|Any CPU
		{C4070DCD-DA12-4B5C-A9E6-6A17018AE73B}.Release|x86.ActiveCfg = Release|Any CPU
		{C4070DCD-DA12-4B5C-A9E6-6A17018AE73B}.Release|x86.Build.0 = Release|Any CPU
		{8B1F708A-C855-40CB-8CDF-C3EC805DBF42}.Debug|Any CPU.ActiveCfg = Debug|Any CPU
		{8B1F708A-C855-40CB-8CDF-C3EC805DBF42}.Debug|Any CPU.Build.0 = Debug|Any CPU
		{8B1F708A-C855-40CB-8CDF-C3EC805DBF42}.Debug|x86.ActiveCfg = Debug|Any CPU
		{8B1F708A-C855-40CB-8CDF-C3EC805DBF42}.Debug|x86.Build.0 = Debug|Any CPU
		{8B1F708A-C855-40CB-8CDF-C3EC805DBF42}.Release|Any CPU.ActiveCfg = Release|Any CPU
		{8B1F708A-C855-40CB-8CDF-C3EC805DBF42}.Release|Any CPU.Build.0 = Release|Any CPU
		{8B1F708A-C855-40CB-8CDF-C3EC805DBF42}.Release|x86.ActiveCfg = Release|Any CPU
		{8B1F708A-C855-40CB-8CDF-C3EC805DBF42}.Release|x86.Build.0 = Release|Any CPU
	EndGlobalSection
	GlobalSection(SolutionProperties) = preSolution
		HideSolutionNode = FALSE
	EndGlobalSection
	GlobalSection(ExtensibilityGlobals) = postSolution
		SolutionGuid = {EB2E12D3-1167-4A5B-8EDA-8E06DC391624}
	EndGlobalSection
EndGlobal
